<?xml version="1.0" encoding="utf-8"?>
<Project ToolsVersion="4.0" xmlns="http://schemas.microsoft.com/developer/msbuild/2003">
  <ItemGroup>
    <Filter Include="File di origine">
      <UniqueIdentifier>{4FC737F1-C7A5-4376-A066-2A32D752A2FF}</UniqueIdentifier>
      <Extensions>cpp;c;cc;cxx;def;odl;idl;hpj;bat;asm;asmx</Extensions>
    </Filter>
    <Filter Include="File di intestazione">
      <UniqueIdentifier>{93995380-89BD-4b04-88EB-625FBE52EBFB}</UniqueIdentifier>
      <Extensions>h;hh;hpp;hxx;hm;inl;inc;ipp;xsd</Extensions>
    </Filter>
    <Filter Include="File di risorse">
      <UniqueIdentifier>{67DA6AB6-F800-4c08-8B7A-83BB121AAD01}</UniqueIdentifier>
      <Extensions>rc;ico;cur;bmp;dlg;rc2;rct;bin;rgs;gif;jpg;jpeg;jpe;resx;tiff;tif;png;wav;mfcribbon-ms</Extensions>
    </Filter>
  </ItemGroup>
  <ItemGroup>
    <ClInclude Include="pch.h">
      <Filter>File di intestazione</Filter>
    </ClInclude>
    <ClInclude Include="Debug\include\ANNT.hpp">
      <Filter>File di intestazione</Filter>
    </ClInclude>
    <ClInclude Include="Debug\include\Tools\XAvxVectorTools.hpp">
      <Filter>File di intestazione</Filter>
    </ClInclude>
    <ClInclude Include="Debug\include\Tools\XDataEncodingTools.hpp">
      <Filter>File di intestazione</Filter>
    </ClInclude>
    <ClInclude Include="Debug\include\Tools\XCpu.hpp">
      <Filter>File di intestazione</Filter>
    </ClInclude>
    <ClInclude Include="Debug\include\Tools\IVectorTools.hpp">
      <Filter>File di intestazione</Filter>
    </ClInclude>
    <ClInclude Include="Debug\include\Tools\XSseVectorTools.hpp">
      <Filter>File di intestazione</Filter>
    </ClInclude>
    <ClInclude Include="Debug\include\Tools\XVectorize.hpp">
      <Filter>File di intestazione</Filter>
    </ClInclude>
    <ClInclude Include="Debug\include\Tools\XVectorTools.hpp">
      <Filter>File di intestazione</Filter>
    </ClInclude>
    <ClInclude Include="Debug\include\Tools\XParallel.hpp">
      <Filter>File di intestazione</Filter>
    </ClInclude>
    <ClInclude Include="Debug\include\Types\XAlignedAllocator.hpp">
      <Filter>File di intestazione</Filter>
    </ClInclude>
    <ClInclude Include="Debug\include\Types\Types.hpp">
      <Filter>File di intestazione</Filter>
    </ClInclude>
    <ClInclude Include="Debug\include\Config.hpp">
      <Filter>File di intestazione</Filter>
    </ClInclude>
    <ClInclude Include="Debug\include\Neuro\Layers\Activations\XTanhActivation.hpp">
      <Filter>File di intestazione</Filter>
    </ClInclude>
    <ClInclude Include="Debug\include\Neuro\Layers\Activations\XEluActivation.hpp">
      <Filter>File di intestazione</Filter>
    </ClInclude>
    <ClInclude Include="Debug\include\Neuro\Layers\Activations\XSigmoidActivation.hpp">
      <Filter>File di intestazione</Filter>
    </ClInclude>
    <ClInclude Include="Debug\include\Neuro\Layers\Activations\XSoftMaxActivation.hpp">
      <Filter>File di intestazione</Filter>
    </ClInclude>
    <ClInclude Include="Debug\include\Neuro\Layers\Activations\IActivationLayer.hpp">
      <Filter>File di intestazione</Filter>
    </ClInclude>
    <ClInclude Include="Debug\include\Neuro\Layers\Activations\XLogSoftMaxActivation.hpp">
      <Filter>File di intestazione</Filter>
    </ClInclude>
    <ClInclude Include="Debug\include\Neuro\Layers\Activations\XLeakyReLuActivation.hpp">
      <Filter>File di intestazione</Filter>
    </ClInclude>
    <ClInclude Include="Debug\include\Neuro\Layers\Activations\XReLuActivation.hpp">
      <Filter>File di intestazione</Filter>
    </ClInclude>
    <ClInclude Include="Debug\include\Neuro\Layers\Processing\XBatchNormalization.hpp">
      <Filter>File di intestazione</Filter>
    </ClInclude>
    <ClInclude Include="Debug\include\Neuro\Layers\Processing\IProcessingLayer.hpp">
      <Filter>File di intestazione</Filter>
    </ClInclude>
    <ClInclude Include="Debug\include\Neuro\Layers\Processing\XMaxPooling.hpp">
      <Filter>File di intestazione</Filter>
    </ClInclude>
    <ClInclude Include="Debug\include\Neuro\Layers\Processing\XAveragePooling.hpp">
      <Filter>File di intestazione</Filter>
    </ClInclude>
    <ClInclude Include="Debug\include\Neuro\Layers\Processing\XDropOutLayer.hpp">
      <Filter>File di intestazione</Filter>
    </ClInclude>
    <ClInclude Include="Debug\include\Neuro\Layers\XFullyConnectedLayer.hpp">
      <Filter>File di intestazione</Filter>
    </ClInclude>
    <ClInclude Include="Debug\include\Neuro\Layers\XConvolutionLayer.hpp">
      <Filter>File di intestazione</Filter>
    </ClInclude>
    <ClInclude Include="Debug\include\Neuro\Layers\XLSTMLayer.hpp">
      <Filter>File di intestazione</Filter>
    </ClInclude>
    <ClInclude Include="Debug\include\Neuro\Layers\XGRULayer.hpp">
      <Filter>File di intestazione</Filter>
    </ClInclude>
    <ClInclude Include="Debug\include\Neuro\Layers\XRecurrentLayer.hpp">
      <Filter>File di intestazione</Filter>
    </ClInclude>
    <ClInclude Include="Debug\include\Neuro\Layers\LayerIDs.hpp">
      <Filter>File di intestazione</Filter>
    </ClInclude>
    <ClInclude Include="Debug\include\Neuro\Layers\ITrainableLayer.hpp">
      <Filter>File di intestazione</Filter>
    </ClInclude>
    <ClInclude Include="Debug\include\Neuro\Layers\ILayer.hpp">
      <Filter>File di intestazione</Filter>
    </ClInclude>
    <ClInclude Include="Debug\include\Neuro\Network\XNetworkTraining.hpp">
      <Filter>File di intestazione</Filter>
    </ClInclude>
    <ClInclude Include="Debug\include\Neuro\Network\XClassificationTrainingHelper.hpp">
      <Filter>File di intestazione</Filter>
    </ClInclude>
    <ClInclude Include="Debug\include\Neuro\Network\XNetworkInference.hpp">
      <Filter>File di intestazione</Filter>
    </ClInclude>
    <ClInclude Include="Debug\include\Neuro\Network\XNetworkContext.hpp">
      <Filter>File di intestazione</Filter>
    </ClInclude>
    <ClInclude Include="Debug\include\Neuro\Network\XNeuralNetwork.hpp">
      <Filter>File di intestazione</Filter>
    </ClInclude>
    <ClInclude Include="Debug\include\Neuro\Optimizers\XAdamOptimizer.hpp">
      <Filter>File di intestazione</Filter>
    </ClInclude>
    <ClInclude Include="Debug\include\Neuro\Optimizers\INetworkOptimizer.hpp">
      <Filter>File di intestazione</Filter>
    </ClInclude>
    <ClInclude Include="Debug\include\Neuro\Optimizers\XGradientDescentOptimizer.hpp">
      <Filter>File di intestazione</Filter>
    </ClInclude>
    <ClInclude Include="Debug\include\Neuro\Optimizers\XMomentumOptimizer.hpp">
      <Filter>File di intestazione</Filter>
    </ClInclude>
    <ClInclude Include="Debug\include\Neuro\Optimizers\XAdagradOptimizer.hpp">
      <Filter>File di intestazione</Filter>
    </ClInclude>
    <ClInclude Include="Debug\include\Neuro\Optimizers\XRMSpropOptimizer.hpp">
      <Filter>File di intestazione</Filter>
    </ClInclude>
    <ClInclude Include="Debug\include\Neuro\Optimizers\XNesterovMomentumOptimizer.hpp">
      <Filter>File di intestazione</Filter>
    </ClInclude>
    <ClInclude Include="Debug\include\Neuro\CostFunctions\XBinaryCrossEntropyCost.hpp">
      <Filter>File di intestazione</Filter>
    </ClInclude>
    <ClInclude Include="Debug\include\Neuro\CostFunctions\XAbsoluteCost.hpp">
      <Filter>File di intestazione</Filter>
    </ClInclude>
    <ClInclude Include="Debug\include\Neuro\CostFunctions\XCrossEntropyCost.hpp">
      <Filter>File di intestazione</Filter>
    </ClInclude>
    <ClInclude Include="Debug\include\Neuro\CostFunctions\XMSECost.hpp">
      <Filter>File di intestazione</Filter>
    </ClInclude>
    <ClInclude Include="Debug\include\Neuro\CostFunctions\ICostFunction.hpp">
      <Filter>File di intestazione</Filter>
    </ClInclude>
    <ClInclude Include="Debug\include\Neuro\CostFunctions\XNegativeLogLikelihoodCost.hpp">
      <Filter>File di intestazione</Filter>
    </ClInclude>
  </ItemGroup>
  <ItemGroup>
    <ClCompile Include="pch.cpp">
      <Filter>File di origine</Filter>
    </ClCompile>
    <ClCompile Include="Annt.cpp">
      <Filter>File di origine</Filter>
    </ClCompile>
  </ItemGroup>
  <ItemGroup>
    <Library Include="Debug\lib\ANNT.lib" />
  </ItemGroup>
</Project>