
Microsoft Visual Studio Solution File, Format Version 12.00
# Visual Studio 15
VisualStudioVersion = 15.0.28307.168
MinimumVisualStudioVersion = 10.0.40219.1
Project("{FAE04EC0-301F-11D3-BF4B-00C04F79EFBC}") = "AccordNet", "AccordNet\AccordNet.csproj", "{7FE47BA3-5A2B-4189-9259-7FAB2C235981}"
EndProject
Global
	GlobalSection(SolutionConfigurationPlatforms) = preSolution
		Debug|Any CPU = Debug|Any CPU
		Release|Any CPU = Release|Any CPU
	EndGlobalSection
	GlobalSection(ProjectConfigurationPlatforms) = postSolution
		{7FE47BA3-5A2B-4189-9259-7FAB2C235981}.Debug|Any CPU.ActiveCfg = Debug|Any CPU
		{7FE47BA3-5A2B-4189-9259-7FAB2C235981}.Debug|Any CPU.Build.0 = Debug|Any CPU
		{7FE47BA3-5A2B-4189-9259-7FAB2C235981}.Release|Any CPU.ActiveCfg = Release|Any CPU
		{7FE47BA3-5A2B-4189-9259-7FAB2C235981}.Release|Any CPU.Build.0 = Release|Any CPU
	EndGlobalSection
	GlobalSection(SolutionProperties) = preSolution
		HideSolutionNode = FALSE
	EndGlobalSection
	GlobalSection(ExtensibilityGlobals) = postSolution
		SolutionGuid = {6883E061-4CE1-4416-8BBB-9E510E560A81}
	EndGlobalSection
EndGlobal
